
Microsoft Visual Studio Solution File, Format Version 12.00
# Visual Studio 14
VisualStudioVersion = 14.0.25123.0
MinimumVisualStudioVersion = 10.0.40219.1
Project("{A81B4A23-AF18-4B01-8944-84D6FB3D4B47}") = "hybrid-news", "hybrid-news\hybrid-news.iceproj", "{ED096825-EA5A-41A0-93AB-CDE050CD1926}"
EndProject
Global
	GlobalSection(SolutionConfigurationPlatforms) = preSolution
		Debug|Any CPU = Debug|Any CPU
		Release|Any CPU = Release|Any CPU
	EndGlobalSection
	GlobalSection(ProjectConfigurationPlatforms) = postSolution
		{ED096825-EA5A-41A0-93AB-CDE050CD1926}.Debug|Any CPU.ActiveCfg = Debug|Any CPU
		{ED096825-EA5A-41A0-93AB-CDE050CD1926}.Debug|Any CPU.Build.0 = Debug|Any CPU
		{ED096825-EA5A-41A0-93AB-CDE050CD1926}.Release|Any CPU.ActiveCfg = Release|Any CPU
		{ED096825-EA5A-41A0-93AB-CDE050CD1926}.Release|Any CPU.Build.0 = Release|Any CPU
	EndGlobalSection
	GlobalSection(SolutionProperties) = preSolution
		HideSolutionNode = FALSE
	EndGlobalSection
EndGlobal
